
Microsoft Visual Studio Solution File, Format Version 12.00
# Visual Studio Version 16
VisualStudioVersion = 16.0.31112.23
MinimumVisualStudioVersion = 10.0.40219.1
Project("{FAE04EC0-301F-11D3-BF4B-00C04F79EFBC}") = "GameTrainer", "GameTrainer.csproj", "{BD318267-F298-418B-AFE0-E763E454EEEC}"
EndProject
Global
	GlobalSection(SolutionConfigurationPlatforms) = preSolution
		Debug|Any CPU = Debug|Any CPU
		Release|Any CPU = Release|Any CPU
	EndGlobalSection
	GlobalSection(ProjectConfigurationPlatforms) = postSolution
		{BD318267-F298-418B-AFE0-E763E454EEEC}.Debug|Any CPU.ActiveCfg = Debug|Any CPU
		{BD318267-F298-418B-AFE0-E763E454EEEC}.Debug|Any CPU.Build.0 = Debug|Any CPU
		{BD318267-F298-418B-AFE0-E763E454EEEC}.Release|Any CPU.ActiveCfg = Release|Any CPU
		{BD318267-F298-418B-AFE0-E763E454EEEC}.Release|Any CPU.Build.0 = Release|Any CPU
	EndGlobalSection
	GlobalSection(SolutionProperties) = preSolution
		HideSolutionNode = FALSE
	EndGlobalSection
	GlobalSection(ExtensibilityGlobals) = postSolution
		SolutionGuid = {14810BC5-4EAC-4C98-BB42-62396FB09929}
	EndGlobalSection
EndGlobal
